
Microsoft Visual Studio Solution File, Format Version 12.00
# Visual Studio Version 17
VisualStudioVersion = 17.11.35017.193
MinimumVisualStudioVersion = 10.0.40219.1
Project("{9A19103F-16F7-4668-BE54-9A1E7A4F7556}") = "BlazorCyber", "BlazorCyber\BlazorCyber.csproj", "{1840F023-3686-4F65-BAAA-3ECA1E072207}"
EndProject
Global
	GlobalSection(SolutionConfigurationPlatforms) = preSolution
		Debug|Any CPU = Debug|Any CPU
		Release|Any CPU = Release|Any CPU
	EndGlobalSection
	GlobalSection(ProjectConfigurationPlatforms) = postSolution
		{1840F023-3686-4F65-BAAA-3ECA1E072207}.Debug|Any CPU.ActiveCfg = Debug|Any CPU
		{1840F023-3686-4F65-BAAA-3ECA1E072207}.Debug|Any CPU.Build.0 = Debug|Any CPU
		{1840F023-3686-4F65-BAAA-3ECA1E072207}.Release|Any CPU.ActiveCfg = Release|Any CPU
		{1840F023-3686-4F65-BAAA-3ECA1E072207}.Release|Any CPU.Build.0 = Release|Any CPU
	EndGlobalSection
	GlobalSection(SolutionProperties) = preSolution
		HideSolutionNode = FALSE
	EndGlobalSection
	GlobalSection(ExtensibilityGlobals) = postSolution
		SolutionGuid = {205E9DD0-83DC-4766-A85B-7FBA68A6BDCF}
	EndGlobalSection
EndGlobal
